
Microsoft Visual Studio Solution File, Format Version 12.00
# Visual Studio Version 16
VisualStudioVersion = 16.0.29306.81
MinimumVisualStudioVersion = 10.0.40219.1
Project("{FAE04EC0-301F-11D3-BF4B-00C04F79EFBC}") = "BCMWeb", "BCMWeb\BCMWeb\BCMWeb.csproj", "{C6115D53-1AFC-4F3D-B12E-88F6E1ED378F}"
EndProject
Project("{FAE04EC0-301F-11D3-BF4B-00C04F79EFBC}") = "BCMWeb.Android", "BCMWeb\BCMWeb.Android\BCMWeb.Android.csproj", "{19D68F04-BADC-41FE-AF2C-2C864CECEF7D}"
EndProject
Project("{FAE04EC0-301F-11D3-BF4B-00C04F79EFBC}") = "BCMWeb.iOS", "BCMWeb\BCMWeb.iOS\BCMWeb.iOS.csproj", "{EB22BBC1-8BB7-4DD0-8C97-9365AC8240DA}"
EndProject
Global
	GlobalSection(SolutionConfigurationPlatforms) = preSolution
		Ad-Hoc|Any CPU = Ad-Hoc|Any CPU
		Ad-Hoc|iPhone = Ad-Hoc|iPhone
		Ad-Hoc|iPhoneSimulator = Ad-Hoc|iPhoneSimulator
		AppStore|Any CPU = AppStore|Any CPU
		AppStore|iPhone = AppStore|iPhone
		AppStore|iPhoneSimulator = AppStore|iPhoneSimulator
		Debug|Any CPU = Debug|Any CPU
		Debug|iPhone = Debug|iPhone
		Debug|iPhoneSimulator = Debug|iPhoneSimulator
		Release|Any CPU = Release|Any CPU
		Release|iPhone = Release|iPhone
		Release|iPhoneSimulator = Release|iPhoneSimulator
	EndGlobalSection
	GlobalSection(ProjectConfigurationPlatforms) = postSolution
		{C6115D53-1AFC-4F3D-B12E-88F6E1ED378F}.Ad-Hoc|Any CPU.ActiveCfg = Debug|Any CPU
		{C6115D53-1AFC-4F3D-B12E-88F6E1ED378F}.Ad-Hoc|Any CPU.Build.0 = Debug|Any CPU
		{C6115D53-1AFC-4F3D-B12E-88F6E1ED378F}.Ad-Hoc|iPhone.ActiveCfg = Debug|Any CPU
		{C6115D53-1AFC-4F3D-B12E-88F6E1ED378F}.Ad-Hoc|iPhone.Build.0 = Debug|Any CPU
		{C6115D53-1AFC-4F3D-B12E-88F6E1ED378F}.Ad-Hoc|iPhoneSimulator.ActiveCfg = Debug|Any CPU
		{C6115D53-1AFC-4F3D-B12E-88F6E1ED378F}.Ad-Hoc|iPhoneSimulator.Build.0 = Debug|Any CPU
		{C6115D53-1AFC-4F3D-B12E-88F6E1ED378F}.AppStore|Any CPU.ActiveCfg = Debug|Any CPU
		{C6115D53-1AFC-4F3D-B12E-88F6E1ED378F}.AppStore|Any CPU.Build.0 = Debug|Any CPU
		{C6115D53-1AFC-4F3D-B12E-88F6E1ED378F}.AppStore|iPhone.ActiveCfg = Debug|Any CPU
		{C6115D53-1AFC-4F3D-B12E-88F6E1ED378F}.AppStore|iPhone.Build.0 = Debug|Any CPU
		{C6115D53-1AFC-4F3D-B12E-88F6E1ED378F}.AppStore|iPhoneSimulator.ActiveCfg = Debug|Any CPU
		{C6115D53-1AFC-4F3D-B12E-88F6E1ED378F}.AppStore|iPhoneSimulator.Build.0 = Debug|Any CPU
		{C6115D53-1AFC-4F3D-B12E-88F6E1ED378F}.Debug|Any CPU.ActiveCfg = Debug|Any CPU
		{C6115D53-1AFC-4F3D-B12E-88F6E1ED378F}.Debug|Any CPU.Build.0 = Debug|Any CPU
		{C6115D53-1AFC-4F3D-B12E-88F6E1ED378F}.Debug|iPhone.ActiveCfg = Debug|Any CPU
		{C6115D53-1AFC-4F3D-B12E-88F6E1ED378F}.Debug|iPhone.Build.0 = Debug|Any CPU
		{C6115D53-1AFC-4F3D-B12E-88F6E1ED378F}.Debug|iPhoneSimulator.ActiveCfg = Debug|Any CPU
		{C6115D53-1AFC-4F3D-B12E-88F6E1ED378F}.Debug|iPhoneSimulator.Build.0 = Debug|Any CPU
		{C6115D53-1AFC-4F3D-B12E-88F6E1ED378F}.Release|Any CPU.ActiveCfg = Release|Any CPU
		{C6115D53-1AFC-4F3D-B12E-88F6E1ED378F}.Release|Any CPU.Build.0 = Release|Any CPU
		{C6115D53-1AFC-4F3D-B12E-88F6E1ED378F}.Release|iPhone.ActiveCfg = Release|Any CPU
		{C6115D53-1AFC-4F3D-B12E-88F6E1ED378F}.Release|iPhone.Build.0 = Release|Any CPU
		{C6115D53-1AFC-4F3D-B12E-88F6E1ED378F}.Release|iPhoneSimulator.ActiveCfg = Release|Any CPU
		{C6115D53-1AFC-4F3D-B12E-88F6E1ED378F}.Release|iPhoneSimulator.Build.0 = Release|Any CPU
		{19D68F04-BADC-41FE-AF2C-2C864CECEF7D}.Ad-Hoc|Any CPU.ActiveCfg = Release|Any CPU
		{19D68F04-BADC-41FE-AF2C-2C864CECEF7D}.Ad-Hoc|Any CPU.Build.0 = Release|Any CPU
		{19D68F04-BADC-41FE-AF2C-2C864CECEF7D}.Ad-Hoc|Any CPU.Deploy.0 = Release|Any CPU
		{19D68F04-BADC-41FE-AF2C-2C864CECEF7D}.Ad-Hoc|iPhone.ActiveCfg = Release|Any CPU
		{19D68F04-BADC-41FE-AF2C-2C864CECEF7D}.Ad-Hoc|iPhone.Build.0 = Release|Any CPU
		{19D68F04-BADC-41FE-AF2C-2C864CECEF7D}.Ad-Hoc|iPhone.Deploy.0 = Release|Any CPU
		{19D68F04-BADC-41FE-AF2C-2C864CECEF7D}.Ad-Hoc|iPhoneSimulator.ActiveCfg = Release|Any CPU
		{19D68F04-BADC-41FE-AF2C-2C864CECEF7D}.Ad-Hoc|iPhoneSimulator.Build.0 = Release|Any CPU
		{19D68F04-BADC-41FE-AF2C-2C864CECEF7D}.Ad-Hoc|iPhoneSimulator.Deploy.0 = Release|Any CPU
		{19D68F04-BADC-41FE-AF2C-2C864CECEF7D}.AppStore|Any CPU.ActiveCfg = Release|Any CPU
		{19D68F04-BADC-41FE-AF2C-2C864CECEF7D}.AppStore|Any CPU.Build.0 = Release|Any CPU
		{19D68F04-BADC-41FE-AF2C-2C864CECEF7D}.AppStore|Any CPU.Deploy.0 = Release|Any CPU
		{19D68F04-BADC-41FE-AF2C-2C864CECEF7D}.AppStore|iPhone.ActiveCfg = Release|Any CPU
		{19D68F04-BADC-41FE-AF2C-2C864CECEF7D}.AppStore|iPhone.Build.0 = Release|Any CPU
		{19D68F04-BADC-41FE-AF2C-2C864CECEF7D}.AppStore|iPhone.Deploy.0 = Release|Any CPU
		{19D68F04-BADC-41FE-AF2C-2C864CECEF7D}.AppStore|iPhoneSimulator.ActiveCfg = Release|Any CPU
		{19D68F04-BADC-41FE-AF2C-2C864CECEF7D}.AppStore|iPhoneSimulator.Build.0 = Release|Any CPU
		{19D68F04-BADC-41FE-AF2C-2C864CECEF7D}.AppStore|iPhoneSimulator.Deploy.0 = Release|Any CPU
		{19D68F04-BADC-41FE-AF2C-2C864CECEF7D}.Debug|Any CPU.ActiveCfg = Debug|Any CPU
		{19D68F04-BADC-41FE-AF2C-2C864CECEF7D}.Debug|Any CPU.Build.0 = Debug|Any CPU
		{19D68F04-BADC-41FE-AF2C-2C864CECEF7D}.Debug|Any CPU.Deploy.0 = Debug|Any CPU
		{19D68F04-BADC-41FE-AF2C-2C864CECEF7D}.Debug|iPhone.ActiveCfg = Debug|Any CPU
		{19D68F04-BADC-41FE-AF2C-2C864CECEF7D}.Debug|iPhone.Build.0 = Debug|Any CPU
		{19D68F04-BADC-41FE-AF2C-2C864CECEF7D}.Debug|iPhone.Deploy.0 = Debug|Any CPU
		{19D68F04-BADC-41FE-AF2C-2C864CECEF7D}.Debug|iPhoneSimulator.ActiveCfg = Debug|Any CPU
		{19D68F04-BADC-41FE-AF2C-2C864CECEF7D}.Debug|iPhoneSimulator.Build.0 = Debug|Any CPU
		{19D68F04-BADC-41FE-AF2C-2C864CECEF7D}.Debug|iPhoneSimulator.Deploy.0 = Debug|Any CPU
		{19D68F04-BADC-41FE-AF2C-2C864CECEF7D}.Release|Any CPU.ActiveCfg = Release|Any CPU
		{19D68F04-BADC-41FE-AF2C-2C864CECEF7D}.Release|Any CPU.Build.0 = Release|Any CPU
		{19D68F04-BADC-41FE-AF2C-2C864CECEF7D}.Release|Any CPU.Deploy.0 = Release|Any CPU
		{19D68F04-BADC-41FE-AF2C-2C864CECEF7D}.Release|iPhone.ActiveCfg = Release|Any CPU
		{19D68F04-BADC-41FE-AF2C-2C864CECEF7D}.Release|iPhone.Build.0 = Release|Any CPU
		{19D68F04-BADC-41FE-AF2C-2C864CECEF7D}.Release|iPhone.Deploy.0 = Release|Any CPU
		{19D68F04-BADC-41FE-AF2C-2C864CECEF7D}.Release|iPhoneSimulator.ActiveCfg = Release|Any CPU
		{19D68F04-BADC-41FE-AF2C-2C864CECEF7D}.Release|iPhoneSimulator.Build.0 = Release|Any CPU
		{19D68F04-BADC-41FE-AF2C-2C864CECEF7D}.Release|iPhoneSimulator.Deploy.0 = Release|Any CPU
		{EB22BBC1-8BB7-4DD0-8C97-9365AC8240DA}.Ad-Hoc|Any CPU.ActiveCfg = Ad-Hoc|iPhone
		{EB22BBC1-8BB7-4DD0-8C97-9365AC8240DA}.Ad-Hoc|iPhone.ActiveCfg = Ad-Hoc|iPhone
		{EB22BBC1-8BB7-4DD0-8C97-9365AC8240DA}.Ad-Hoc|iPhone.Build.0 = Ad-Hoc|iPhone
		{EB22BBC1-8BB7-4DD0-8C97-9365AC8240DA}.Ad-Hoc|iPhoneSimulator.ActiveCfg = Ad-Hoc|iPhoneSimulator
		{EB22BBC1-8BB7-4DD0-8C97-9365AC8240DA}.Ad-Hoc|iPhoneSimulator.Build.0 = Ad-Hoc|iPhoneSimulator
		{EB22BBC1-8BB7-4DD0-8C97-9365AC8240DA}.AppStore|Any CPU.ActiveCfg = AppStore|iPhone
		{EB22BBC1-8BB7-4DD0-8C97-9365AC8240DA}.AppStore|iPhone.ActiveCfg = AppStore|iPhone
		{EB22BBC1-8BB7-4DD0-8C97-9365AC8240DA}.AppStore|iPhone.Build.0 = AppStore|iPhone
		{EB22BBC1-8BB7-4DD0-8C97-9365AC8240DA}.AppStore|iPhoneSimulator.ActiveCfg = AppStore|iPhoneSimulator
		{EB22BBC1-8BB7-4DD0-8C97-9365AC8240DA}.AppStore|iPhoneSimulator.Build.0 = AppStore|iPhoneSimulator
		{EB22BBC1-8BB7-4DD0-8C97-9365AC8240DA}.Debug|Any CPU.ActiveCfg = Debug|iPhone
		{EB22BBC1-8BB7-4DD0-8C97-9365AC8240DA}.Debug|iPhone.ActiveCfg = Debug|iPhone
		{EB22BBC1-8BB7-4DD0-8C97-9365AC8240DA}.Debug|iPhone.Build.0 = Debug|iPhone
		{EB22BBC1-8BB7-4DD0-8C97-9365AC8240DA}.Debug|iPhoneSimulator.ActiveCfg = Debug|iPhoneSimulator
		{EB22BBC1-8BB7-4DD0-8C97-9365AC8240DA}.Debug|iPhoneSimulator.Build.0 = Debug|iPhoneSimulator
		{EB22BBC1-8BB7-4DD0-8C97-9365AC8240DA}.Release|Any CPU.ActiveCfg = Release|iPhone
		{EB22BBC1-8BB7-4DD0-8C97-9365AC8240DA}.Release|iPhone.ActiveCfg = Release|iPhone
		{EB22BBC1-8BB7-4DD0-8C97-9365AC8240DA}.Release|iPhone.Build.0 = Release|iPhone
		{EB22BBC1-8BB7-4DD0-8C97-9365AC8240DA}.Release|iPhoneSimulator.ActiveCfg = Release|iPhoneSimulator
		{EB22BBC1-8BB7-4DD0-8C97-9365AC8240DA}.Release|iPhoneSimulator.Build.0 = Release|iPhoneSimulator
	EndGlobalSection
	GlobalSection(SolutionProperties) = preSolution
		HideSolutionNode = FALSE
	EndGlobalSection
	GlobalSection(ExtensibilityGlobals) = postSolution
		SolutionGuid = {BC493A80-AE54-4DC9-9BD3-B0D7D96006BF}
	EndGlobalSection
EndGlobal
