
Microsoft Visual Studio Solution File, Format Version 12.00
# Visual Studio Version 16
VisualStudioVersion = 16.0.29306.81
MinimumVisualStudioVersion = 10.0.40219.1
Project("{9A19103F-16F7-4668-BE54-9A1E7A4F7556}") = "SIMEAD", "SIMEAD\SIMEAD.csproj", "{519B19D6-7331-49CC-8B78-7C9B1951DE4C}"
EndProject
Global
	GlobalSection(SolutionConfigurationPlatforms) = preSolution
		Debug|Any CPU = Debug|Any CPU
		Release|Any CPU = Release|Any CPU
	EndGlobalSection
	GlobalSection(ProjectConfigurationPlatforms) = postSolution
		{519B19D6-7331-49CC-8B78-7C9B1951DE4C}.Debug|Any CPU.ActiveCfg = Debug|Any CPU
		{519B19D6-7331-49CC-8B78-7C9B1951DE4C}.Debug|Any CPU.Build.0 = Debug|Any CPU
		{519B19D6-7331-49CC-8B78-7C9B1951DE4C}.Release|Any CPU.ActiveCfg = Release|Any CPU
		{519B19D6-7331-49CC-8B78-7C9B1951DE4C}.Release|Any CPU.Build.0 = Release|Any CPU
	EndGlobalSection
	GlobalSection(SolutionProperties) = preSolution
		HideSolutionNode = FALSE
	EndGlobalSection
	GlobalSection(ExtensibilityGlobals) = postSolution
		SolutionGuid = {7AD2BABB-3D1E-4FBF-8676-12E4BBF454C2}
	EndGlobalSection
EndGlobal
