
Microsoft Visual Studio Solution File, Format Version 12.00
# Visual Studio Version 16
VisualStudioVersion = 16.0.29215.179
MinimumVisualStudioVersion = 10.0.40219.1
Project("{FAE04EC0-301F-11D3-BF4B-00C04F79EFBC}") = "SICONDEP.Android", "SICONDEP\SICONDEP.Android\SICONDEP.Android.csproj", "{9ACC928F-E052-4DCC-97D6-F6C632872828}"
EndProject
Project("{FAE04EC0-301F-11D3-BF4B-00C04F79EFBC}") = "SICONDEP.iOS", "SICONDEP\SICONDEP.iOS\SICONDEP.iOS.csproj", "{8C066FDC-56CA-4D98-A05D-0C56314F48CC}"
EndProject
Project("{FAE04EC0-301F-11D3-BF4B-00C04F79EFBC}") = "SICONDEP", "SICONDEP\SICONDEP\SICONDEP.csproj", "{ADC1CA88-AA21-4C2A-A6D8-ACE43BB8BDF5}"
EndProject
Global
	GlobalSection(SolutionConfigurationPlatforms) = preSolution
		Debug|Any CPU = Debug|Any CPU
		Debug|iPhone = Debug|iPhone
		Debug|iPhoneSimulator = Debug|iPhoneSimulator
		Release|Any CPU = Release|Any CPU
		Release|iPhone = Release|iPhone
		Release|iPhoneSimulator = Release|iPhoneSimulator
	EndGlobalSection
	GlobalSection(ProjectConfigurationPlatforms) = postSolution
		{9ACC928F-E052-4DCC-97D6-F6C632872828}.Debug|Any CPU.ActiveCfg = Debug|Any CPU
		{9ACC928F-E052-4DCC-97D6-F6C632872828}.Debug|Any CPU.Build.0 = Debug|Any CPU
		{9ACC928F-E052-4DCC-97D6-F6C632872828}.Debug|Any CPU.Deploy.0 = Debug|Any CPU
		{9ACC928F-E052-4DCC-97D6-F6C632872828}.Debug|iPhone.ActiveCfg = Debug|Any CPU
		{9ACC928F-E052-4DCC-97D6-F6C632872828}.Debug|iPhone.Build.0 = Debug|Any CPU
		{9ACC928F-E052-4DCC-97D6-F6C632872828}.Debug|iPhone.Deploy.0 = Debug|Any CPU
		{9ACC928F-E052-4DCC-97D6-F6C632872828}.Debug|iPhoneSimulator.ActiveCfg = Debug|Any CPU
		{9ACC928F-E052-4DCC-97D6-F6C632872828}.Debug|iPhoneSimulator.Build.0 = Debug|Any CPU
		{9ACC928F-E052-4DCC-97D6-F6C632872828}.Debug|iPhoneSimulator.Deploy.0 = Debug|Any CPU
		{9ACC928F-E052-4DCC-97D6-F6C632872828}.Release|Any CPU.ActiveCfg = Release|Any CPU
		{9ACC928F-E052-4DCC-97D6-F6C632872828}.Release|Any CPU.Build.0 = Release|Any CPU
		{9ACC928F-E052-4DCC-97D6-F6C632872828}.Release|Any CPU.Deploy.0 = Release|Any CPU
		{9ACC928F-E052-4DCC-97D6-F6C632872828}.Release|iPhone.ActiveCfg = Release|Any CPU
		{9ACC928F-E052-4DCC-97D6-F6C632872828}.Release|iPhone.Build.0 = Release|Any CPU
		{9ACC928F-E052-4DCC-97D6-F6C632872828}.Release|iPhone.Deploy.0 = Release|Any CPU
		{9ACC928F-E052-4DCC-97D6-F6C632872828}.Release|iPhoneSimulator.ActiveCfg = Release|Any CPU
		{9ACC928F-E052-4DCC-97D6-F6C632872828}.Release|iPhoneSimulator.Build.0 = Release|Any CPU
		{9ACC928F-E052-4DCC-97D6-F6C632872828}.Release|iPhoneSimulator.Deploy.0 = Release|Any CPU
		{8C066FDC-56CA-4D98-A05D-0C56314F48CC}.Debug|Any CPU.ActiveCfg = Debug|iPhoneSimulator
		{8C066FDC-56CA-4D98-A05D-0C56314F48CC}.Debug|Any CPU.Build.0 = Debug|iPhoneSimulator
		{8C066FDC-56CA-4D98-A05D-0C56314F48CC}.Debug|Any CPU.Deploy.0 = Debug|iPhoneSimulator
		{8C066FDC-56CA-4D98-A05D-0C56314F48CC}.Debug|iPhone.ActiveCfg = Debug|iPhone
		{8C066FDC-56CA-4D98-A05D-0C56314F48CC}.Debug|iPhone.Build.0 = Debug|iPhone
		{8C066FDC-56CA-4D98-A05D-0C56314F48CC}.Debug|iPhone.Deploy.0 = Debug|iPhone
		{8C066FDC-56CA-4D98-A05D-0C56314F48CC}.Debug|iPhoneSimulator.ActiveCfg = Debug|iPhoneSimulator
		{8C066FDC-56CA-4D98-A05D-0C56314F48CC}.Debug|iPhoneSimulator.Build.0 = Debug|iPhoneSimulator
		{8C066FDC-56CA-4D98-A05D-0C56314F48CC}.Debug|iPhoneSimulator.Deploy.0 = Debug|iPhoneSimulator
		{8C066FDC-56CA-4D98-A05D-0C56314F48CC}.Release|Any CPU.ActiveCfg = Release|iPhone
		{8C066FDC-56CA-4D98-A05D-0C56314F48CC}.Release|Any CPU.Build.0 = Release|iPhone
		{8C066FDC-56CA-4D98-A05D-0C56314F48CC}.Release|Any CPU.Deploy.0 = Release|iPhone
		{8C066FDC-56CA-4D98-A05D-0C56314F48CC}.Release|iPhone.ActiveCfg = Release|iPhone
		{8C066FDC-56CA-4D98-A05D-0C56314F48CC}.Release|iPhone.Build.0 = Release|iPhone
		{8C066FDC-56CA-4D98-A05D-0C56314F48CC}.Release|iPhone.Deploy.0 = Release|iPhone
		{8C066FDC-56CA-4D98-A05D-0C56314F48CC}.Release|iPhoneSimulator.ActiveCfg = Release|iPhoneSimulator
		{8C066FDC-56CA-4D98-A05D-0C56314F48CC}.Release|iPhoneSimulator.Build.0 = Release|iPhoneSimulator
		{8C066FDC-56CA-4D98-A05D-0C56314F48CC}.Release|iPhoneSimulator.Deploy.0 = Release|iPhoneSimulator
		{ADC1CA88-AA21-4C2A-A6D8-ACE43BB8BDF5}.Debug|Any CPU.ActiveCfg = Debug|Any CPU
		{ADC1CA88-AA21-4C2A-A6D8-ACE43BB8BDF5}.Debug|Any CPU.Build.0 = Debug|Any CPU
		{ADC1CA88-AA21-4C2A-A6D8-ACE43BB8BDF5}.Debug|Any CPU.Deploy.0 = Debug|Any CPU
		{ADC1CA88-AA21-4C2A-A6D8-ACE43BB8BDF5}.Debug|iPhone.ActiveCfg = Debug|Any CPU
		{ADC1CA88-AA21-4C2A-A6D8-ACE43BB8BDF5}.Debug|iPhone.Build.0 = Debug|Any CPU
		{ADC1CA88-AA21-4C2A-A6D8-ACE43BB8BDF5}.Debug|iPhone.Deploy.0 = Debug|Any CPU
		{ADC1CA88-AA21-4C2A-A6D8-ACE43BB8BDF5}.Debug|iPhoneSimulator.ActiveCfg = Debug|Any CPU
		{ADC1CA88-AA21-4C2A-A6D8-ACE43BB8BDF5}.Debug|iPhoneSimulator.Build.0 = Debug|Any CPU
		{ADC1CA88-AA21-4C2A-A6D8-ACE43BB8BDF5}.Debug|iPhoneSimulator.Deploy.0 = Debug|Any CPU
		{ADC1CA88-AA21-4C2A-A6D8-ACE43BB8BDF5}.Release|Any CPU.ActiveCfg = Release|Any CPU
		{ADC1CA88-AA21-4C2A-A6D8-ACE43BB8BDF5}.Release|Any CPU.Build.0 = Release|Any CPU
		{ADC1CA88-AA21-4C2A-A6D8-ACE43BB8BDF5}.Release|Any CPU.Deploy.0 = Release|Any CPU
		{ADC1CA88-AA21-4C2A-A6D8-ACE43BB8BDF5}.Release|iPhone.ActiveCfg = Release|Any CPU
		{ADC1CA88-AA21-4C2A-A6D8-ACE43BB8BDF5}.Release|iPhone.Build.0 = Release|Any CPU
		{ADC1CA88-AA21-4C2A-A6D8-ACE43BB8BDF5}.Release|iPhone.Deploy.0 = Release|Any CPU
		{ADC1CA88-AA21-4C2A-A6D8-ACE43BB8BDF5}.Release|iPhoneSimulator.ActiveCfg = Release|Any CPU
		{ADC1CA88-AA21-4C2A-A6D8-ACE43BB8BDF5}.Release|iPhoneSimulator.Build.0 = Release|Any CPU
		{ADC1CA88-AA21-4C2A-A6D8-ACE43BB8BDF5}.Release|iPhoneSimulator.Deploy.0 = Release|Any CPU
	EndGlobalSection
	GlobalSection(SolutionProperties) = preSolution
		HideSolutionNode = FALSE
	EndGlobalSection
	GlobalSection(ExtensibilityGlobals) = postSolution
		SolutionGuid = {DA24DC99-9648-444C-85ED-E747AC1A2D83}
	EndGlobalSection
EndGlobal
