
Microsoft Visual Studio Solution File, Format Version 12.00
# Visual Studio Version 16
VisualStudioVersion = 16.0.29306.81
MinimumVisualStudioVersion = 10.0.40219.1
Project("{FAE04EC0-301F-11D3-BF4B-00C04F79EFBC}") = "SICONDEP", "SICONDEP\SICONDEP\SICONDEP.csproj", "{472B0A35-3F45-4003-B623-A16D8D6C6FC0}"
EndProject
Project("{FAE04EC0-301F-11D3-BF4B-00C04F79EFBC}") = "SICONDEP.Android", "SICONDEP\SICONDEP.Android\SICONDEP.Android.csproj", "{BD949E3E-F3C6-439E-BF81-DDE7F27F7968}"
EndProject
Project("{FAE04EC0-301F-11D3-BF4B-00C04F79EFBC}") = "SICONDEP.iOS", "SICONDEP\SICONDEP.iOS\SICONDEP.iOS.csproj", "{84F30E8B-32DA-4F95-AC21-F02EAF0A27D4}"
EndProject
Global
	GlobalSection(SolutionConfigurationPlatforms) = preSolution
		Ad-Hoc|Any CPU = Ad-Hoc|Any CPU
		Ad-Hoc|iPhone = Ad-Hoc|iPhone
		Ad-Hoc|iPhoneSimulator = Ad-Hoc|iPhoneSimulator
		AppStore|Any CPU = AppStore|Any CPU
		AppStore|iPhone = AppStore|iPhone
		AppStore|iPhoneSimulator = AppStore|iPhoneSimulator
		Debug|Any CPU = Debug|Any CPU
		Debug|iPhone = Debug|iPhone
		Debug|iPhoneSimulator = Debug|iPhoneSimulator
		Release|Any CPU = Release|Any CPU
		Release|iPhone = Release|iPhone
		Release|iPhoneSimulator = Release|iPhoneSimulator
	EndGlobalSection
	GlobalSection(ProjectConfigurationPlatforms) = postSolution
		{472B0A35-3F45-4003-B623-A16D8D6C6FC0}.Ad-Hoc|Any CPU.ActiveCfg = Debug|Any CPU
		{472B0A35-3F45-4003-B623-A16D8D6C6FC0}.Ad-Hoc|Any CPU.Build.0 = Debug|Any CPU
		{472B0A35-3F45-4003-B623-A16D8D6C6FC0}.Ad-Hoc|iPhone.ActiveCfg = Debug|Any CPU
		{472B0A35-3F45-4003-B623-A16D8D6C6FC0}.Ad-Hoc|iPhone.Build.0 = Debug|Any CPU
		{472B0A35-3F45-4003-B623-A16D8D6C6FC0}.Ad-Hoc|iPhoneSimulator.ActiveCfg = Debug|Any CPU
		{472B0A35-3F45-4003-B623-A16D8D6C6FC0}.Ad-Hoc|iPhoneSimulator.Build.0 = Debug|Any CPU
		{472B0A35-3F45-4003-B623-A16D8D6C6FC0}.AppStore|Any CPU.ActiveCfg = Debug|Any CPU
		{472B0A35-3F45-4003-B623-A16D8D6C6FC0}.AppStore|Any CPU.Build.0 = Debug|Any CPU
		{472B0A35-3F45-4003-B623-A16D8D6C6FC0}.AppStore|iPhone.ActiveCfg = Debug|Any CPU
		{472B0A35-3F45-4003-B623-A16D8D6C6FC0}.AppStore|iPhone.Build.0 = Debug|Any CPU
		{472B0A35-3F45-4003-B623-A16D8D6C6FC0}.AppStore|iPhoneSimulator.ActiveCfg = Debug|Any CPU
		{472B0A35-3F45-4003-B623-A16D8D6C6FC0}.AppStore|iPhoneSimulator.Build.0 = Debug|Any CPU
		{472B0A35-3F45-4003-B623-A16D8D6C6FC0}.Debug|Any CPU.ActiveCfg = Debug|Any CPU
		{472B0A35-3F45-4003-B623-A16D8D6C6FC0}.Debug|Any CPU.Build.0 = Debug|Any CPU
		{472B0A35-3F45-4003-B623-A16D8D6C6FC0}.Debug|iPhone.ActiveCfg = Debug|Any CPU
		{472B0A35-3F45-4003-B623-A16D8D6C6FC0}.Debug|iPhone.Build.0 = Debug|Any CPU
		{472B0A35-3F45-4003-B623-A16D8D6C6FC0}.Debug|iPhoneSimulator.ActiveCfg = Debug|Any CPU
		{472B0A35-3F45-4003-B623-A16D8D6C6FC0}.Debug|iPhoneSimulator.Build.0 = Debug|Any CPU
		{472B0A35-3F45-4003-B623-A16D8D6C6FC0}.Release|Any CPU.ActiveCfg = Release|Any CPU
		{472B0A35-3F45-4003-B623-A16D8D6C6FC0}.Release|Any CPU.Build.0 = Release|Any CPU
		{472B0A35-3F45-4003-B623-A16D8D6C6FC0}.Release|iPhone.ActiveCfg = Release|Any CPU
		{472B0A35-3F45-4003-B623-A16D8D6C6FC0}.Release|iPhone.Build.0 = Release|Any CPU
		{472B0A35-3F45-4003-B623-A16D8D6C6FC0}.Release|iPhoneSimulator.ActiveCfg = Release|Any CPU
		{472B0A35-3F45-4003-B623-A16D8D6C6FC0}.Release|iPhoneSimulator.Build.0 = Release|Any CPU
		{BD949E3E-F3C6-439E-BF81-DDE7F27F7968}.Ad-Hoc|Any CPU.ActiveCfg = Release|Any CPU
		{BD949E3E-F3C6-439E-BF81-DDE7F27F7968}.Ad-Hoc|Any CPU.Build.0 = Release|Any CPU
		{BD949E3E-F3C6-439E-BF81-DDE7F27F7968}.Ad-Hoc|Any CPU.Deploy.0 = Release|Any CPU
		{BD949E3E-F3C6-439E-BF81-DDE7F27F7968}.Ad-Hoc|iPhone.ActiveCfg = Release|Any CPU
		{BD949E3E-F3C6-439E-BF81-DDE7F27F7968}.Ad-Hoc|iPhone.Build.0 = Release|Any CPU
		{BD949E3E-F3C6-439E-BF81-DDE7F27F7968}.Ad-Hoc|iPhone.Deploy.0 = Release|Any CPU
		{BD949E3E-F3C6-439E-BF81-DDE7F27F7968}.Ad-Hoc|iPhoneSimulator.ActiveCfg = Release|Any CPU
		{BD949E3E-F3C6-439E-BF81-DDE7F27F7968}.Ad-Hoc|iPhoneSimulator.Build.0 = Release|Any CPU
		{BD949E3E-F3C6-439E-BF81-DDE7F27F7968}.Ad-Hoc|iPhoneSimulator.Deploy.0 = Release|Any CPU
		{BD949E3E-F3C6-439E-BF81-DDE7F27F7968}.AppStore|Any CPU.ActiveCfg = Release|Any CPU
		{BD949E3E-F3C6-439E-BF81-DDE7F27F7968}.AppStore|Any CPU.Build.0 = Release|Any CPU
		{BD949E3E-F3C6-439E-BF81-DDE7F27F7968}.AppStore|Any CPU.Deploy.0 = Release|Any CPU
		{BD949E3E-F3C6-439E-BF81-DDE7F27F7968}.AppStore|iPhone.ActiveCfg = Release|Any CPU
		{BD949E3E-F3C6-439E-BF81-DDE7F27F7968}.AppStore|iPhone.Build.0 = Release|Any CPU
		{BD949E3E-F3C6-439E-BF81-DDE7F27F7968}.AppStore|iPhone.Deploy.0 = Release|Any CPU
		{BD949E3E-F3C6-439E-BF81-DDE7F27F7968}.AppStore|iPhoneSimulator.ActiveCfg = Release|Any CPU
		{BD949E3E-F3C6-439E-BF81-DDE7F27F7968}.AppStore|iPhoneSimulator.Build.0 = Release|Any CPU
		{BD949E3E-F3C6-439E-BF81-DDE7F27F7968}.AppStore|iPhoneSimulator.Deploy.0 = Release|Any CPU
		{BD949E3E-F3C6-439E-BF81-DDE7F27F7968}.Debug|Any CPU.ActiveCfg = Debug|Any CPU
		{BD949E3E-F3C6-439E-BF81-DDE7F27F7968}.Debug|Any CPU.Build.0 = Debug|Any CPU
		{BD949E3E-F3C6-439E-BF81-DDE7F27F7968}.Debug|Any CPU.Deploy.0 = Debug|Any CPU
		{BD949E3E-F3C6-439E-BF81-DDE7F27F7968}.Debug|iPhone.ActiveCfg = Debug|Any CPU
		{BD949E3E-F3C6-439E-BF81-DDE7F27F7968}.Debug|iPhone.Build.0 = Debug|Any CPU
		{BD949E3E-F3C6-439E-BF81-DDE7F27F7968}.Debug|iPhone.Deploy.0 = Debug|Any CPU
		{BD949E3E-F3C6-439E-BF81-DDE7F27F7968}.Debug|iPhoneSimulator.ActiveCfg = Debug|Any CPU
		{BD949E3E-F3C6-439E-BF81-DDE7F27F7968}.Debug|iPhoneSimulator.Build.0 = Debug|Any CPU
		{BD949E3E-F3C6-439E-BF81-DDE7F27F7968}.Debug|iPhoneSimulator.Deploy.0 = Debug|Any CPU
		{BD949E3E-F3C6-439E-BF81-DDE7F27F7968}.Release|Any CPU.ActiveCfg = Release|Any CPU
		{BD949E3E-F3C6-439E-BF81-DDE7F27F7968}.Release|Any CPU.Build.0 = Release|Any CPU
		{BD949E3E-F3C6-439E-BF81-DDE7F27F7968}.Release|Any CPU.Deploy.0 = Release|Any CPU
		{BD949E3E-F3C6-439E-BF81-DDE7F27F7968}.Release|iPhone.ActiveCfg = Release|Any CPU
		{BD949E3E-F3C6-439E-BF81-DDE7F27F7968}.Release|iPhone.Build.0 = Release|Any CPU
		{BD949E3E-F3C6-439E-BF81-DDE7F27F7968}.Release|iPhone.Deploy.0 = Release|Any CPU
		{BD949E3E-F3C6-439E-BF81-DDE7F27F7968}.Release|iPhoneSimulator.ActiveCfg = Release|Any CPU
		{BD949E3E-F3C6-439E-BF81-DDE7F27F7968}.Release|iPhoneSimulator.Build.0 = Release|Any CPU
		{BD949E3E-F3C6-439E-BF81-DDE7F27F7968}.Release|iPhoneSimulator.Deploy.0 = Release|Any CPU
		{84F30E8B-32DA-4F95-AC21-F02EAF0A27D4}.Ad-Hoc|Any CPU.ActiveCfg = Ad-Hoc|iPhone
		{84F30E8B-32DA-4F95-AC21-F02EAF0A27D4}.Ad-Hoc|iPhone.ActiveCfg = Ad-Hoc|iPhone
		{84F30E8B-32DA-4F95-AC21-F02EAF0A27D4}.Ad-Hoc|iPhone.Build.0 = Ad-Hoc|iPhone
		{84F30E8B-32DA-4F95-AC21-F02EAF0A27D4}.Ad-Hoc|iPhoneSimulator.ActiveCfg = Ad-Hoc|iPhoneSimulator
		{84F30E8B-32DA-4F95-AC21-F02EAF0A27D4}.Ad-Hoc|iPhoneSimulator.Build.0 = Ad-Hoc|iPhoneSimulator
		{84F30E8B-32DA-4F95-AC21-F02EAF0A27D4}.AppStore|Any CPU.ActiveCfg = AppStore|iPhone
		{84F30E8B-32DA-4F95-AC21-F02EAF0A27D4}.AppStore|iPhone.ActiveCfg = AppStore|iPhone
		{84F30E8B-32DA-4F95-AC21-F02EAF0A27D4}.AppStore|iPhone.Build.0 = AppStore|iPhone
		{84F30E8B-32DA-4F95-AC21-F02EAF0A27D4}.AppStore|iPhoneSimulator.ActiveCfg = AppStore|iPhoneSimulator
		{84F30E8B-32DA-4F95-AC21-F02EAF0A27D4}.AppStore|iPhoneSimulator.Build.0 = AppStore|iPhoneSimulator
		{84F30E8B-32DA-4F95-AC21-F02EAF0A27D4}.Debug|Any CPU.ActiveCfg = Debug|iPhone
		{84F30E8B-32DA-4F95-AC21-F02EAF0A27D4}.Debug|iPhone.ActiveCfg = Debug|iPhone
		{84F30E8B-32DA-4F95-AC21-F02EAF0A27D4}.Debug|iPhone.Build.0 = Debug|iPhone
		{84F30E8B-32DA-4F95-AC21-F02EAF0A27D4}.Debug|iPhoneSimulator.ActiveCfg = Debug|iPhoneSimulator
		{84F30E8B-32DA-4F95-AC21-F02EAF0A27D4}.Debug|iPhoneSimulator.Build.0 = Debug|iPhoneSimulator
		{84F30E8B-32DA-4F95-AC21-F02EAF0A27D4}.Release|Any CPU.ActiveCfg = Release|iPhone
		{84F30E8B-32DA-4F95-AC21-F02EAF0A27D4}.Release|iPhone.ActiveCfg = Release|iPhone
		{84F30E8B-32DA-4F95-AC21-F02EAF0A27D4}.Release|iPhone.Build.0 = Release|iPhone
		{84F30E8B-32DA-4F95-AC21-F02EAF0A27D4}.Release|iPhoneSimulator.ActiveCfg = Release|iPhoneSimulator
		{84F30E8B-32DA-4F95-AC21-F02EAF0A27D4}.Release|iPhoneSimulator.Build.0 = Release|iPhoneSimulator
	EndGlobalSection
	GlobalSection(SolutionProperties) = preSolution
		HideSolutionNode = FALSE
	EndGlobalSection
	GlobalSection(ExtensibilityGlobals) = postSolution
		SolutionGuid = {A1523E4D-8312-4D7F-98C3-D5C42B2639DD}
	EndGlobalSection
EndGlobal
